// !$*UTF8*$!
{
	archiveVersion = 1;
	classes = {
	};
	objectVersion = 56;
	objects = {

/* Begin PBXBuildFile section */
		2032C5E09D65590FF22994A5 /* Pods_flixappTests.framework in Frameworks */ = {isa = PBXBuildFile; fileRef = C2BF3050A4F51B25BA8C57D3 /* Pods_flixappTests.framework */; };
		692F092028D8AB40004866EC /* AppDelegate.swift in Sources */ = {isa = PBXBuildFile; fileRef = 692F091F28D8AB40004866EC /* AppDelegate.swift */; };
		692F092228D8AB40004866EC /* SceneDelegate.swift in Sources */ = {isa = PBXBuildFile; fileRef = 692F092128D8AB40004866EC /* SceneDelegate.swift */; };
		692F092428D8AB40004866EC /* MoviesViewController.swift in Sources */ = {isa = PBXBuildFile; fileRef = 692F092328D8AB40004866EC /* MoviesViewController.swift */; };
		692F092728D8AB40004866EC /* Main.storyboard in Resources */ = {isa = PBXBuildFile; fileRef = 692F092528D8AB40004866EC /* Main.storyboard */; };
		692F092928D8AB42004866EC /* Assets.xcassets in Resources */ = {isa = PBXBuildFile; fileRef = 692F092828D8AB42004866EC /* Assets.xcassets */; };
		692F092C28D8AB42004866EC /* LaunchScreen.storyboard in Resources */ = {isa = PBXBuildFile; fileRef = 692F092A28D8AB42004866EC /* LaunchScreen.storyboard */; };
		692F093728D8AB43004866EC /* flixappTests.swift in Sources */ = {isa = PBXBuildFile; fileRef = 692F093628D8AB43004866EC /* flixappTests.swift */; };
		692F094128D8AB43004866EC /* flixappUITests.swift in Sources */ = {isa = PBXBuildFile; fileRef = 692F094028D8AB43004866EC /* flixappUITests.swift */; };
		692F094328D8AB43004866EC /* flixappUITestsLaunchTests.swift in Sources */ = {isa = PBXBuildFile; fileRef = 692F094228D8AB43004866EC /* flixappUITestsLaunchTests.swift */; };
		69B8F2B128D9022F00F2C959 /* MovieCell.swift in Sources */ = {isa = PBXBuildFile; fileRef = 69B8F2B028D9022F00F2C959 /* MovieCell.swift */; };
		69B8F2B428D905FD00F2C959 /* AlamofireImage in Frameworks */ = {isa = PBXBuildFile; productRef = 69B8F2B328D905FD00F2C959 /* AlamofireImage */; };
		69B8F2C028D907C300F2C959 /* flixappUITests in Resources */ = {isa = PBXBuildFile; fileRef = 69B8F2B828D907C300F2C959 /* flixappUITests */; };
		69B8F2C428D907C300F2C959 /* flixappTests in Resources */ = {isa = PBXBuildFile; fileRef = 69B8F2BC28D907C300F2C959 /* flixappTests */; };
		69B8F2C628D9578700F2C959 /* MovieDetailsViewController.swift in Sources */ = {isa = PBXBuildFile; fileRef = 69B8F2C528D9578700F2C959 /* MovieDetailsViewController.swift */; };
		69B8F2C828D95E6D00F2C959 /* MovieGridViewController.swift in Sources */ = {isa = PBXBuildFile; fileRef = 69B8F2C728D95E6D00F2C959 /* MovieGridViewController.swift */; };
		69B8F2CA28D9709800F2C959 /* MovieGridCell.swift in Sources */ = {isa = PBXBuildFile; fileRef = 69B8F2C928D9709800F2C959 /* MovieGridCell.swift */; };
		71D7F9EFBD4C0FAAE198A9F7 /* Pods_flixapp_flixappUITests.framework in Frameworks */ = {isa = PBXBuildFile; fileRef = 641A56BF46ECD1115BF33EA8 /* Pods_flixapp_flixappUITests.framework */; };
		85F22EB5C56F8FF0E614E4F6 /* Pods_flixapp.framework in Frameworks */ = {isa = PBXBuildFile; fileRef = 48CD58061C988B8768133CA3 /* Pods_flixapp.framework */; };
/* End PBXBuildFile section */

/* Begin PBXContainerItemProxy section */
		692F093328D8AB43004866EC /* PBXContainerItemProxy */ = {
			isa = PBXContainerItemProxy;
			containerPortal = 692F091428D8AB40004866EC /* Project object */;
			proxyType = 1;
			remoteGlobalIDString = 692F091B28D8AB40004866EC;
			remoteInfo = flixapp;
		};
		692F093D28D8AB43004866EC /* PBXContainerItemProxy */ = {
			isa = PBXContainerItemProxy;
			containerPortal = 692F091428D8AB40004866EC /* Project object */;
			proxyType = 1;
			remoteGlobalIDString = 692F091B28D8AB40004866EC;
			remoteInfo = flixapp;
		};
/* End PBXContainerItemProxy section */

/* Begin PBXFileReference section */
		4544BAEF542F39F97629234D /* Pods-flixapp.release.xcconfig */ = {isa = PBXFileReference; includeInIndex = 1; lastKnownFileType = text.xcconfig; name = "Pods-flixapp.release.xcconfig"; path = "Target Support Files/Pods-flixapp/Pods-flixapp.release.xcconfig"; sourceTree = "<group>"; };
		48CD58061C988B8768133CA3 /* Pods_flixapp.framework */ = {isa = PBXFileReference; explicitFileType = wrapper.framework; includeInIndex = 0; path = Pods_flixapp.framework; sourceTree = BUILT_PRODUCTS_DIR; };
		5E399A2A6D0E62E697D07770 /* Pods-flixapp.debug.xcconfig */ = {isa = PBXFileReference; includeInIndex = 1; lastKnownFileType = text.xcconfig; name = "Pods-flixapp.debug.xcconfig"; path = "Target Support Files/Pods-flixapp/Pods-flixapp.debug.xcconfig"; sourceTree = "<group>"; };
		641A56BF46ECD1115BF33EA8 /* Pods_flixapp_flixappUITests.framework */ = {isa = PBXFileReference; explicitFileType = wrapper.framework; includeInIndex = 0; path = Pods_flixapp_flixappUITests.framework; sourceTree = BUILT_PRODUCTS_DIR; };
		692F091C28D8AB40004866EC /* flixapp.app */ = {isa = PBXFileReference; explicitFileType = wrapper.application; includeInIndex = 0; path = flixapp.app; sourceTree = BUILT_PRODUCTS_DIR; };
		692F091F28D8AB40004866EC /* AppDelegate.swift */ = {isa = PBXFileReference; lastKnownFileType = sourcecode.swift; path = AppDelegate.swift; sourceTree = "<group>"; };
		692F092128D8AB40004866EC /* SceneDelegate.swift */ = {isa = PBXFileReference; lastKnownFileType = sourcecode.swift; path = SceneDelegate.swift; sourceTree = "<group>"; };
		692F092328D8AB40004866EC /* MoviesViewController.swift */ = {isa = PBXFileReference; lastKnownFileType = sourcecode.swift; path = MoviesViewController.swift; sourceTree = "<group>"; };
		692F092628D8AB40004866EC /* Base */ = {isa = PBXFileReference; lastKnownFileType = file.storyboard; name = Base; path = Base.lproj/Main.storyboard; sourceTree = "<group>"; };
		692F092828D8AB42004866EC /* Assets.xcassets */ = {isa = PBXFileReference; lastKnownFileType = folder.assetcatalog; path = Assets.xcassets; sourceTree = "<group>"; };
		692F092B28D8AB42004866EC /* Base */ = {isa = PBXFileReference; lastKnownFileType = file.storyboard; name = Base; path = Base.lproj/LaunchScreen.storyboard; sourceTree = "<group>"; };
		692F092D28D8AB42004866EC /* Info.plist */ = {isa = PBXFileReference; lastKnownFileType = text.plist.xml; path = Info.plist; sourceTree = "<group>"; };
		692F093228D8AB43004866EC /* flixappTests.xctest */ = {isa = PBXFileReference; explicitFileType = wrapper.cfbundle; includeInIndex = 0; path = flixappTests.xctest; sourceTree = BUILT_PRODUCTS_DIR; };
		692F093628D8AB43004866EC /* flixappTests.swift */ = {isa = PBXFileReference; lastKnownFileType = sourcecode.swift; path = flixappTests.swift; sourceTree = "<group>"; };
		692F093C28D8AB43004866EC /* flixappUITests.xctest */ = {isa = PBXFileReference; explicitFileType = wrapper.cfbundle; includeInIndex = 0; path = flixappUITests.xctest; sourceTree = BUILT_PRODUCTS_DIR; };
		692F094028D8AB43004866EC /* flixappUITests.swift */ = {isa = PBXFileReference; lastKnownFileType = sourcecode.swift; path = flixappUITests.swift; sourceTree = "<group>"; };
		692F094228D8AB43004866EC /* flixappUITestsLaunchTests.swift */ = {isa = PBXFileReference; lastKnownFileType = sourcecode.swift; path = flixappUITestsLaunchTests.swift; sourceTree = "<group>"; };
		69B8F2B028D9022F00F2C959 /* MovieCell.swift */ = {isa = PBXFileReference; lastKnownFileType = sourcecode.swift; path = MovieCell.swift; sourceTree = "<group>"; };
		69B8F2B828D907C300F2C959 /* flixappUITests */ = {isa = PBXFileReference; lastKnownFileType = folder; path = flixappUITests; sourceTree = "<group>"; };
		69B8F2BC28D907C300F2C959 /* flixappTests */ = {isa = PBXFileReference; lastKnownFileType = folder; path = flixappTests; sourceTree = "<group>"; };
		69B8F2C528D9578700F2C959 /* MovieDetailsViewController.swift */ = {isa = PBXFileReference; lastKnownFileType = sourcecode.swift; path = MovieDetailsViewController.swift; sourceTree = "<group>"; };
		69B8F2C728D95E6D00F2C959 /* MovieGridViewController.swift */ = {isa = PBXFileReference; lastKnownFileType = sourcecode.swift; path = MovieGridViewController.swift; sourceTree = "<group>"; };
		69B8F2C928D9709800F2C959 /* MovieGridCell.swift */ = {isa = PBXFileReference; lastKnownFileType = sourcecode.swift; path = MovieGridCell.swift; sourceTree = "<group>"; };
		8B7945714F6BCD8B6A47FD3D /* Pods-flixapp-flixappUITests.release.xcconfig */ = {isa = PBXFileReference; includeInIndex = 1; lastKnownFileType = text.xcconfig; name = "Pods-flixapp-flixappUITests.release.xcconfig"; path = "Target Support Files/Pods-flixapp-flixappUITests/Pods-flixapp-flixappUITests.release.xcconfig"; sourceTree = "<group>"; };
		C2BF3050A4F51B25BA8C57D3 /* Pods_flixappTests.framework */ = {isa = PBXFileReference; explicitFileType = wrapper.framework; includeInIndex = 0; path = Pods_flixappTests.framework; sourceTree = BUILT_PRODUCTS_DIR; };
		CAA9E6BBF54AF181E4F034B8 /* Pods-flixappTests.release.xcconfig */ = {isa = PBXFileReference; includeInIndex = 1; lastKnownFileType = text.xcconfig; name = "Pods-flixappTests.release.xcconfig"; path = "Target Support Files/Pods-flixappTests/Pods-flixappTests.release.xcconfig"; sourceTree = "<group>"; };
		DB96D966FED86C290FE10BDD /* Pods-flixappTests.debug.xcconfig */ = {isa = PBXFileReference; includeInIndex = 1; lastKnownFileType = text.xcconfig; name = "Pods-flixappTests.debug.xcconfig"; path = "Target Support Files/Pods-flixappTests/Pods-flixappTests.debug.xcconfig"; sourceTree = "<group>"; };
		EE1531A1D747BBAEFBC2079D /* Pods-flixapp-flixappUITests.debug.xcconfig */ = {isa = PBXFileReference; includeInIndex = 1; lastKnownFileType = text.xcconfig; name = "Pods-flixapp-flixappUITests.debug.xcconfig"; path = "Target Support Files/Pods-flixapp-flixappUITests/Pods-flixapp-flixappUITests.debug.xcconfig"; sourceTree = "<group>"; };
/* End PBXFileReference section */

/* Begin PBXFrameworksBuildPhase section */
		692F091928D8AB40004866EC /* Frameworks */ = {
			isa = PBXFrameworksBuildPhase;
			buildActionMask = 2147483647;
			files = (
				69B8F2B428D905FD00F2C959 /* AlamofireImage in Frameworks */,
				85F22EB5C56F8FF0E614E4F6 /* Pods_flixapp.framework in Frameworks */,
			);
			runOnlyForDeploymentPostprocessing = 0;
		};
		692F092F28D8AB43004866EC /* Frameworks */ = {
			isa = PBXFrameworksBuildPhase;
			buildActionMask = 2147483647;
			files = (
				2032C5E09D65590FF22994A5 /* Pods_flixappTests.framework in Frameworks */,
			);
			runOnlyForDeploymentPostprocessing = 0;
		};
		692F093928D8AB43004866EC /* Frameworks */ = {
			isa = PBXFrameworksBuildPhase;
			buildActionMask = 2147483647;
			files = (
				71D7F9EFBD4C0FAAE198A9F7 /* Pods_flixapp_flixappUITests.framework in Frameworks */,
			);
			runOnlyForDeploymentPostprocessing = 0;
		};
/* End PBXFrameworksBuildPhase section */

/* Begin PBXGroup section */
		21BF45D58A9048C8D5821FB1 /* Pods */ = {
			isa = PBXGroup;
			children = (
				5E399A2A6D0E62E697D07770 /* Pods-flixapp.debug.xcconfig */,
				4544BAEF542F39F97629234D /* Pods-flixapp.release.xcconfig */,
				EE1531A1D747BBAEFBC2079D /* Pods-flixapp-flixappUITests.debug.xcconfig */,
				8B7945714F6BCD8B6A47FD3D /* Pods-flixapp-flixappUITests.release.xcconfig */,
				DB96D966FED86C290FE10BDD /* Pods-flixappTests.debug.xcconfig */,
				CAA9E6BBF54AF181E4F034B8 /* Pods-flixappTests.release.xcconfig */,
			);
			path = Pods;
			sourceTree = "<group>";
		};
		534E0E62D5DD9C541C153DD1 /* Frameworks */ = {
			isa = PBXGroup;
			children = (
				48CD58061C988B8768133CA3 /* Pods_flixapp.framework */,
				641A56BF46ECD1115BF33EA8 /* Pods_flixapp_flixappUITests.framework */,
				C2BF3050A4F51B25BA8C57D3 /* Pods_flixappTests.framework */,
			);
			name = Frameworks;
			sourceTree = "<group>";
		};
		692F091328D8AB40004866EC = {
			isa = PBXGroup;
			children = (
				69B8F2BC28D907C300F2C959 /* flixappTests */,
				69B8F2B828D907C300F2C959 /* flixappUITests */,
				69B8F2B028D9022F00F2C959 /* MovieCell.swift */,
				692F091E28D8AB40004866EC /* flixapp */,
				692F093528D8AB43004866EC /* flixappTests */,
				692F093F28D8AB43004866EC /* flixappUITests */,
				692F091D28D8AB40004866EC /* Products */,
				21BF45D58A9048C8D5821FB1 /* Pods */,
				534E0E62D5DD9C541C153DD1 /* Frameworks */,
			);
			sourceTree = "<group>";
		};
		692F091D28D8AB40004866EC /* Products */ = {
			isa = PBXGroup;
			children = (
				692F091C28D8AB40004866EC /* flixapp.app */,
				692F093228D8AB43004866EC /* flixappTests.xctest */,
				692F093C28D8AB43004866EC /* flixappUITests.xctest */,
			);
			name = Products;
			sourceTree = "<group>";
		};
		692F091E28D8AB40004866EC /* flixapp */ = {
			isa = PBXGroup;
			children = (
				692F091F28D8AB40004866EC /* AppDelegate.swift */,
				692F092128D8AB40004866EC /* SceneDelegate.swift */,
				692F092328D8AB40004866EC /* MoviesViewController.swift */,
				692F092528D8AB40004866EC /* Main.storyboard */,
				692F092828D8AB42004866EC /* Assets.xcassets */,
				692F092A28D8AB42004866EC /* LaunchScreen.storyboard */,
				692F092D28D8AB42004866EC /* Info.plist */,
				69B8F2C528D9578700F2C959 /* MovieDetailsViewController.swift */,
				69B8F2C728D95E6D00F2C959 /* MovieGridViewController.swift */,
				69B8F2C928D9709800F2C959 /* MovieGridCell.swift */,
			);
			path = flixapp;
			sourceTree = "<group>";
		};
		692F093528D8AB43004866EC /* flixappTests */ = {
			isa = PBXGroup;
			children = (
				692F093628D8AB43004866EC /* flixappTests.swift */,
			);
			path = flixappTests;
			sourceTree = "<group>";
		};
		692F093F28D8AB43004866EC /* flixappUITests */ = {
			isa = PBXGroup;
			children = (
				692F094028D8AB43004866EC /* flixappUITests.swift */,
				692F094228D8AB43004866EC /* flixappUITestsLaunchTests.swift */,
			);
			path = flixappUITests;
			sourceTree = "<group>";
		};
/* End PBXGroup section */

/* Begin PBXNativeTarget section */
		692F091B28D8AB40004866EC /* flixapp */ = {
			isa = PBXNativeTarget;
			buildConfigurationList = 692F094628D8AB43004866EC /* Build configuration list for PBXNativeTarget "flixapp" */;
			buildPhases = (
				A5B1EAA233CFA194DDFA79B6 /* [CP] Check Pods Manifest.lock */,
				692F091828D8AB40004866EC /* Sources */,
				692F091928D8AB40004866EC /* Frameworks */,
				692F091A28D8AB40004866EC /* Resources */,
				395257DA51829029F87BF590 /* [CP] Embed Pods Frameworks */,
			);
			buildRules = (
			);
			dependencies = (
			);
			name = flixapp;
			packageProductDependencies = (
				69B8F2B328D905FD00F2C959 /* AlamofireImage */,
			);
			productName = flixapp;
			productReference = 692F091C28D8AB40004866EC /* flixapp.app */;
			productType = "com.apple.product-type.application";
		};
		692F093128D8AB43004866EC /* flixappTests */ = {
			isa = PBXNativeTarget;
			buildConfigurationList = 692F094928D8AB43004866EC /* Build configuration list for PBXNativeTarget "flixappTests" */;
			buildPhases = (
				3BE4E210116FEC6ECD67B4D2 /* [CP] Check Pods Manifest.lock */,
				692F092E28D8AB43004866EC /* Sources */,
				692F092F28D8AB43004866EC /* Frameworks */,
				692F093028D8AB43004866EC /* Resources */,
			);
			buildRules = (
			);
			dependencies = (
				692F093428D8AB43004866EC /* PBXTargetDependency */,
			);
			name = flixappTests;
			productName = flixappTests;
			productReference = 692F093228D8AB43004866EC /* flixappTests.xctest */;
			productType = "com.apple.product-type.bundle.unit-test";
		};
		692F093B28D8AB43004866EC /* flixappUITests */ = {
			isa = PBXNativeTarget;
			buildConfigurationList = 692F094C28D8AB43004866EC /* Build configuration list for PBXNativeTarget "flixappUITests" */;
			buildPhases = (
				41C386DF1FD7EEA0B3748702 /* [CP] Check Pods Manifest.lock */,
				692F093828D8AB43004866EC /* Sources */,
				692F093928D8AB43004866EC /* Frameworks */,
				692F093A28D8AB43004866EC /* Resources */,
				7CA014F9B55F52AE30A3680A /* [CP] Embed Pods Frameworks */,
			);
			buildRules = (
			);
			dependencies = (
				692F093E28D8AB43004866EC /* PBXTargetDependency */,
			);
			name = flixappUITests;
			productName = flixappUITests;
			productReference = 692F093C28D8AB43004866EC /* flixappUITests.xctest */;
			productType = "com.apple.product-type.bundle.ui-testing";
		};
/* End PBXNativeTarget section */

/* Begin PBXProject section */
		692F091428D8AB40004866EC /* Project object */ = {
			isa = PBXProject;
			attributes = {
				BuildIndependentTargetsInParallel = 1;
				LastSwiftUpdateCheck = 1400;
				LastUpgradeCheck = 1400;
				TargetAttributes = {
					692F091B28D8AB40004866EC = {
						CreatedOnToolsVersion = 14.0;
					};
					692F093128D8AB43004866EC = {
						CreatedOnToolsVersion = 14.0;
						TestTargetID = 692F091B28D8AB40004866EC;
					};
					692F093B28D8AB43004866EC = {
						CreatedOnToolsVersion = 14.0;
						TestTargetID = 692F091B28D8AB40004866EC;
					};
				};
			};
			buildConfigurationList = 692F091728D8AB40004866EC /* Build configuration list for PBXProject "flixapp" */;
			compatibilityVersion = "Xcode 14.0";
			developmentRegion = en;
			hasScannedForEncodings = 0;
			knownRegions = (
				en,
				Base,
			);
			mainGroup = 692F091328D8AB40004866EC;
			packageReferences = (
				69B8F2B228D905FD00F2C959 /* XCRemoteSwiftPackageReference "AlamofireImage" */,
			);
			productRefGroup = 692F091D28D8AB40004866EC /* Products */;
			projectDirPath = "";
			projectRoot = "";
			targets = (
				692F091B28D8AB40004866EC /* flixapp */,
				692F093128D8AB43004866EC /* flixappTests */,
				692F093B28D8AB43004866EC /* flixappUITests */,
			);
		};
/* End PBXProject section */

/* Begin PBXResourcesBuildPhase section */
		692F091A28D8AB40004866EC /* Resources */ = {
			isa = PBXResourcesBuildPhase;
			buildActionMask = 2147483647;
			files = (
				692F092C28D8AB42004866EC /* LaunchScreen.storyboard in Resources */,
				692F092928D8AB42004866EC /* Assets.xcassets in Resources */,
				69B8F2C428D907C300F2C959 /* flixappTests in Resources */,
				69B8F2C028D907C300F2C959 /* flixappUITests in Resources */,
				692F092728D8AB40004866EC /* Main.storyboard in Resources */,
			);
			runOnlyForDeploymentPostprocessing = 0;
		};
		692F093028D8AB43004866EC /* Resources */ = {
			isa = PBXResourcesBuildPhase;
			buildActionMask = 2147483647;
			files = (
			);
			runOnlyForDeploymentPostprocessing = 0;
		};
		692F093A28D8AB43004866EC /* Resources */ = {
			isa = PBXResourcesBuildPhase;
			buildActionMask = 2147483647;
			files = (
			);
			runOnlyForDeploymentPostprocessing = 0;
		};
/* End PBXResourcesBuildPhase section */

/* Begin PBXShellScriptBuildPhase section */
		395257DA51829029F87BF590 /* [CP] Embed Pods Frameworks */ = {
			isa = PBXShellScriptBuildPhase;
			buildActionMask = 2147483647;
			files = (
			);
			inputFileListPaths = (
				"${PODS_ROOT}/Target Support Files/Pods-flixapp/Pods-flixapp-frameworks-${CONFIGURATION}-input-files.xcfilelist",
			);
			name = "[CP] Embed Pods Frameworks";
			outputFileListPaths = (
				"${PODS_ROOT}/Target Support Files/Pods-flixapp/Pods-flixapp-frameworks-${CONFIGURATION}-output-files.xcfilelist",
			);
			runOnlyForDeploymentPostprocessing = 0;
			shellPath = /bin/sh;
			shellScript = "\"${PODS_ROOT}/Target Support Files/Pods-flixapp/Pods-flixapp-frameworks.sh\"\n";
			showEnvVarsInLog = 0;
		};
		3BE4E210116FEC6ECD67B4D2 /* [CP] Check Pods Manifest.lock */ = {
			isa = PBXShellScriptBuildPhase;
			buildActionMask = 2147483647;
			files = (
			);
			inputFileListPaths = (
			);
			inputPaths = (
				"${PODS_PODFILE_DIR_PATH}/Podfile.lock",
				"${PODS_ROOT}/Manifest.lock",
			);
			name = "[CP] Check Pods Manifest.lock";
			outputFileListPaths = (
			);
			outputPaths = (
				"$(DERIVED_FILE_DIR)/Pods-flixappTests-checkManifestLockResult.txt",
			);
			runOnlyForDeploymentPostprocessing = 0;
			shellPath = /bin/sh;
			shellScript = "diff \"${PODS_PODFILE_DIR_PATH}/Podfile.lock\" \"${PODS_ROOT}/Manifest.lock\" > /dev/null\nif [ $? != 0 ] ; then\n    # print error to STDERR\n    echo \"error: The sandbox is not in sync with the Podfile.lock. Run 'pod install' or update your CocoaPods installation.\" >&2\n    exit 1\nfi\n# This output is used by Xcode 'outputs' to avoid re-running this script phase.\necho \"SUCCESS\" > \"${SCRIPT_OUTPUT_FILE_0}\"\n";
			showEnvVarsInLog = 0;
		};
		41C386DF1FD7EEA0B3748702 /* [CP] Check Pods Manifest.lock */ = {
			isa = PBXShellScriptBuildPhase;
			buildActionMask = 2147483647;
			files = (
			);
			inputFileListPaths = (
			);
			inputPaths = (
				"${PODS_PODFILE_DIR_PATH}/Podfile.lock",
				"${PODS_ROOT}/Manifest.lock",
			);
			name = "[CP] Check Pods Manifest.lock";
			outputFileListPaths = (
			);
			outputPaths = (
				"$(DERIVED_FILE_DIR)/Pods-flixapp-flixappUITests-checkManifestLockResult.txt",
			);
			runOnlyForDeploymentPostprocessing = 0;
			shellPath = /bin/sh;
			shellScript = "diff \"${PODS_PODFILE_DIR_PATH}/Podfile.lock\" \"${PODS_ROOT}/Manifest.lock\" > /dev/null\nif [ $? != 0 ] ; then\n    # print error to STDERR\n    echo \"error: The sandbox is not in sync with the Podfile.lock. Run 'pod install' or update your CocoaPods installation.\" >&2\n    exit 1\nfi\n# This output is used by Xcode 'outputs' to avoid re-running this script phase.\necho \"SUCCESS\" > \"${SCRIPT_OUTPUT_FILE_0}\"\n";
			showEnvVarsInLog = 0;
		};
		7CA014F9B55F52AE30A3680A /* [CP] Embed Pods Frameworks */ = {
			isa = PBXShellScriptBuildPhase;
			buildActionMask = 2147483647;
			files = (
			);
			inputFileListPaths = (
				"${PODS_ROOT}/Target Support Files/Pods-flixapp-flixappUITests/Pods-flixapp-flixappUITests-frameworks-${CONFIGURATION}-input-files.xcfilelist",
			);
			name = "[CP] Embed Pods Frameworks";
			outputFileListPaths = (
				"${PODS_ROOT}/Target Support Files/Pods-flixapp-flixappUITests/Pods-flixapp-flixappUITests-frameworks-${CONFIGURATION}-output-files.xcfilelist",
			);
			runOnlyForDeploymentPostprocessing = 0;
			shellPath = /bin/sh;
			shellScript = "\"${PODS_ROOT}/Target Support Files/Pods-flixapp-flixappUITests/Pods-flixapp-flixappUITests-frameworks.sh\"\n";
			showEnvVarsInLog = 0;
		};
		A5B1EAA233CFA194DDFA79B6 /* [CP] Check Pods Manifest.lock */ = {
			isa = PBXShellScriptBuildPhase;
			buildActionMask = 2147483647;
			files = (
			);
			inputFileListPaths = (
			);
			inputPaths = (
				"${PODS_PODFILE_DIR_PATH}/Podfile.lock",
				"${PODS_ROOT}/Manifest.lock",
			);
			name = "[CP] Check Pods Manifest.lock";
			outputFileListPaths = (
			);
			outputPaths = (
				"$(DERIVED_FILE_DIR)/Pods-flixapp-checkManifestLockResult.txt",
			);
			runOnlyForDeploymentPostprocessing = 0;
			shellPath = /bin/sh;
			shellScript = "diff \"${PODS_PODFILE_DIR_PATH}/Podfile.lock\" \"${PODS_ROOT}/Manifest.lock\" > /dev/null\nif [ $? != 0 ] ; then\n    # print error to STDERR\n    echo \"error: The sandbox is not in sync with the Podfile.lock. Run 'pod install' or update your CocoaPods installation.\" >&2\n    exit 1\nfi\n# This output is used by Xcode 'outputs' to avoid re-running this script phase.\necho \"SUCCESS\" > \"${SCRIPT_OUTPUT_FILE_0}\"\n";
			showEnvVarsInLog = 0;
		};
/* End PBXShellScriptBuildPhase section */

/* Begin PBXSourcesBuildPhase section */
		692F091828D8AB40004866EC /* Sources */ = {
			isa = PBXSourcesBuildPhase;
			buildActionMask = 2147483647;
			files = (
				69B8F2C628D9578700F2C959 /* MovieDetailsViewController.swift in Sources */,
				692F092428D8AB40004866EC /* MoviesViewController.swift in Sources */,
				692F092028D8AB40004866EC /* AppDelegate.swift in Sources */,
				69B8F2B128D9022F00F2C959 /* MovieCell.swift in Sources */,
				692F092228D8AB40004866EC /* SceneDelegate.swift in Sources */,
				69B8F2C828D95E6D00F2C959 /* MovieGridViewController.swift in Sources */,
				69B8F2CA28D9709800F2C959 /* MovieGridCell.swift in Sources */,
			);
			runOnlyForDeploymentPostprocessing = 0;
		};
		692F092E28D8AB43004866EC /* Sources */ = {
			isa = PBXSourcesBuildPhase;
			buildActionMask = 2147483647;
			files = (
				692F093728D8AB43004866EC /* flixappTests.swift in Sources */,
			);
			runOnlyForDeploymentPostprocessing = 0;
		};
		692F093828D8AB43004866EC /* Sources */ = {
			isa = PBXSourcesBuildPhase;
			buildActionMask = 2147483647;
			files = (
				692F094128D8AB43004866EC /* flixappUITests.swift in Sources */,
				692F094328D8AB43004866EC /* flixappUITestsLaunchTests.swift in Sources */,
			);
			runOnlyForDeploymentPostprocessing = 0;
		};
/* End PBXSourcesBuildPhase section */

/* Begin PBXTargetDependency section */
		692F093428D8AB43004866EC /* PBXTargetDependency */ = {
			isa = PBXTargetDependency;
			target = 692F091B28D8AB40004866EC /* flixapp */;
			targetProxy = 692F093328D8AB43004866EC /* PBXContainerItemProxy */;
		};
		692F093E28D8AB43004866EC /* PBXTargetDependency */ = {
			isa = PBXTargetDependency;
			target = 692F091B28D8AB40004866EC /* flixapp */;
			targetProxy = 692F093D28D8AB43004866EC /* PBXContainerItemProxy */;
		};
/* End PBXTargetDependency section */

/* Begin PBXVariantGroup section */
		692F092528D8AB40004866EC /* Main.storyboard */ = {
			isa = PBXVariantGroup;
			children = (
				692F092628D8AB40004866EC /* Base */,
			);
			name = Main.storyboard;
			sourceTree = "<group>";
		};
		692F092A28D8AB42004866EC /* LaunchScreen.storyboard */ = {
			isa = PBXVariantGroup;
			children = (
				692F092B28D8AB42004866EC /* Base */,
			);
			name = LaunchScreen.storyboard;
			sourceTree = "<group>";
		};
/* End PBXVariantGroup section */

/* Begin XCBuildConfiguration section */
		692F094428D8AB43004866EC /* Debug */ = {
			isa = XCBuildConfiguration;
			buildSettings = {
				ALWAYS_SEARCH_USER_PATHS = NO;
				CLANG_ANALYZER_NONNULL = YES;
				CLANG_ANALYZER_NUMBER_OBJECT_CONVERSION = YES_AGGRESSIVE;
				CLANG_CXX_LANGUAGE_STANDARD = "gnu++20";
				CLANG_ENABLE_MODULES = YES;
				CLANG_ENABLE_OBJC_ARC = YES;
				CLANG_ENABLE_OBJC_WEAK = YES;
				CLANG_WARN_BLOCK_CAPTURE_AUTORELEASING = YES;
				CLANG_WARN_BOOL_CONVERSION = YES;
				CLANG_WARN_COMMA = YES;
				CLANG_WARN_CONSTANT_CONVERSION = YES;
				CLANG_WARN_DEPRECATED_OBJC_IMPLEMENTATIONS = YES;
				CLANG_WARN_DIRECT_OBJC_ISA_USAGE = YES_ERROR;
				CLANG_WARN_DOCUMENTATION_COMMENTS = YES;
				CLANG_WARN_EMPTY_BODY = YES;
				CLANG_WARN_ENUM_CONVERSION = YES;
				CLANG_WARN_INFINITE_RECURSION = YES;
				CLANG_WARN_INT_CONVERSION = YES;
				CLANG_WARN_NON_LITERAL_NULL_CONVERSION = YES;
				CLANG_WARN_OBJC_IMPLICIT_RETAIN_SELF = YES;
				CLANG_WARN_OBJC_LITERAL_CONVERSION = YES;
				CLANG_WARN_OBJC_ROOT_CLASS = YES_ERROR;
				CLANG_WARN_QUOTED_INCLUDE_IN_FRAMEWORK_HEADER = YES;
				CLANG_WARN_RANGE_LOOP_ANALYSIS = YES;
				CLANG_WARN_STRICT_PROTOTYPES = YES;
				CLANG_WARN_SUSPICIOUS_MOVE = YES;
				CLANG_WARN_UNGUARDED_AVAILABILITY = YES_AGGRESSIVE;
				CLANG_WARN_UNREACHABLE_CODE = YES;
				CLANG_WARN__DUPLICATE_METHOD_MATCH = YES;
				COPY_PHASE_STRIP = NO;
				DEBUG_INFORMATION_FORMAT = dwarf;
				ENABLE_STRICT_OBJC_MSGSEND = YES;
				ENABLE_TESTABILITY = YES;
				GCC_C_LANGUAGE_STANDARD = gnu11;
				GCC_DYNAMIC_NO_PIC = NO;
				GCC_NO_COMMON_BLOCKS = YES;
				GCC_OPTIMIZATION_LEVEL = 0;
				GCC_PREPROCESSOR_DEFINITIONS = (
					"DEBUG=1",
					"$(inherited)",
				);
				GCC_WARN_64_TO_32_BIT_CONVERSION = YES;
				GCC_WARN_ABOUT_RETURN_TYPE = YES_ERROR;
				GCC_WARN_UNDECLARED_SELECTOR = YES;
				GCC_WARN_UNINITIALIZED_AUTOS = YES_AGGRESSIVE;
				GCC_WARN_UNUSED_FUNCTION = YES;
				GCC_WARN_UNUSED_VARIABLE = YES;
				IPHONEOS_DEPLOYMENT_TARGET = 16.0;
				MTL_ENABLE_DEBUG_INFO = INCLUDE_SOURCE;
				MTL_FAST_MATH = YES;
				ONLY_ACTIVE_ARCH = YES;
				SDKROOT = iphoneos;
				SWIFT_ACTIVE_COMPILATION_CONDITIONS = DEBUG;
				SWIFT_OPTIMIZATION_LEVEL = "-Onone";
			};
			name = Debug;
		};
		692F094528D8AB43004866EC /* Release */ = {
			isa = XCBuildConfiguration;
			buildSettings = {
				ALWAYS_SEARCH_USER_PATHS = NO;
				CLANG_ANALYZER_NONNULL = YES;
				CLANG_ANALYZER_NUMBER_OBJECT_CONVERSION = YES_AGGRESSIVE;
				CLANG_CXX_LANGUAGE_STANDARD = "gnu++20";
				CLANG_ENABLE_MODULES = YES;
				CLANG_ENABLE_OBJC_ARC = YES;
				CLANG_ENABLE_OBJC_WEAK = YES;
				CLANG_WARN_BLOCK_CAPTURE_AUTORELEASING = YES;
				CLANG_WARN_BOOL_CONVERSION = YES;
				CLANG_WARN_COMMA = YES;
				CLANG_WARN_CONSTANT_CONVERSION = YES;
				CLANG_WARN_DEPRECATED_OBJC_IMPLEMENTATIONS = YES;
				CLANG_WARN_DIRECT_OBJC_ISA_USAGE = YES_ERROR;
				CLANG_WARN_DOCUMENTATION_COMMENTS = YES;
				CLANG_WARN_EMPTY_BODY = YES;
				CLANG_WARN_ENUM_CONVERSION = YES;
				CLANG_WARN_INFINITE_RECURSION = YES;
				CLANG_WARN_INT_CONVERSION = YES;
				CLANG_WARN_NON_LITERAL_NULL_CONVERSION = YES;
				CLANG_WARN_OBJC_IMPLICIT_RETAIN_SELF = YES;
				CLANG_WARN_OBJC_LITERAL_CONVERSION = YES;
				CLANG_WARN_OBJC_ROOT_CLASS = YES_ERROR;
				CLANG_WARN_QUOTED_INCLUDE_IN_FRAMEWORK_HEADER = YES;
				CLANG_WARN_RANGE_LOOP_ANALYSIS = YES;
				CLANG_WARN_STRICT_PROTOTYPES = YES;
				CLANG_WARN_SUSPICIOUS_MOVE = YES;
				CLANG_WARN_UNGUARDED_AVAILABILITY = YES_AGGRESSIVE;
				CLANG_WARN_UNREACHABLE_CODE = YES;
				CLANG_WARN__DUPLICATE_METHOD_MATCH = YES;
				COPY_PHASE_STRIP = NO;
				DEBUG_INFORMATION_FORMAT = "dwarf-with-dsym";
				ENABLE_NS_ASSERTIONS = NO;
				ENABLE_STRICT_OBJC_MSGSEND = YES;
				GCC_C_LANGUAGE_STANDARD = gnu11;
				GCC_NO_COMMON_BLOCKS = YES;
				GCC_WARN_64_TO_32_BIT_CONVERSION = YES;
				GCC_WARN_ABOUT_RETURN_TYPE = YES_ERROR;
				GCC_WARN_UNDECLARED_SELECTOR = YES;
				GCC_WARN_UNINITIALIZED_AUTOS = YES_AGGRESSIVE;
				GCC_WARN_UNUSED_FUNCTION = YES;
				GCC_WARN_UNUSED_VARIABLE = YES;
				IPHONEOS_DEPLOYMENT_TARGET = 16.0;
				MTL_ENABLE_DEBUG_INFO = NO;
				MTL_FAST_MATH = YES;
				SDKROOT = iphoneos;
				SWIFT_COMPILATION_MODE = wholemodule;
				SWIFT_OPTIMIZATION_LEVEL = "-O";
				VALIDATE_PRODUCT = YES;
			};
			name = Release;
		};
		692F094728D8AB43004866EC /* Debug */ = {
			isa = XCBuildConfiguration;
			baseConfigurationReference = 5E399A2A6D0E62E697D07770 /* Pods-flixapp.debug.xcconfig */;
			buildSettings = {
				ASSETCATALOG_COMPILER_APPICON_NAME = AppIcon;
				ASSETCATALOG_COMPILER_GLOBAL_ACCENT_COLOR_NAME = AccentColor;
				CODE_SIGN_STYLE = Automatic;
				CURRENT_PROJECT_VERSION = 1;
				DEVELOPMENT_TEAM = 42NQS2S6SD;
				GENERATE_INFOPLIST_FILE = YES;
				INFOPLIST_FILE = flixapp/Info.plist;
				INFOPLIST_KEY_CFBundleDisplayName = Flix;
				INFOPLIST_KEY_UIApplicationSupportsIndirectInputEvents = YES;
				INFOPLIST_KEY_UILaunchStoryboardName = LaunchScreen;
				INFOPLIST_KEY_UIMainStoryboardFile = Main;
				INFOPLIST_KEY_UISupportedInterfaceOrientations_iPad = "UIInterfaceOrientationPortrait UIInterfaceOrientationPortraitUpsideDown UIInterfaceOrientationLandscapeLeft UIInterfaceOrientationLandscapeRight";
				INFOPLIST_KEY_UISupportedInterfaceOrientations_iPhone = "UIInterfaceOrientationPortrait UIInterfaceOrientationLandscapeLeft UIInterfaceOrientationLandscapeRight";
				IPHONEOS_DEPLOYMENT_TARGET = 15.5;
				LD_RUNPATH_SEARCH_PATHS = (
					"$(inherited)",
					"@executable_path/Frameworks",
				);
				MARKETING_VERSION = 1.0;
				PRODUCT_BUNDLE_IDENTIFIER = com.vasu.flixapp;
				PRODUCT_NAME = "$(TARGET_NAME)";
				SWIFT_EMIT_LOC_STRINGS = YES;
				SWIFT_VERSION = 5.0;
				TARGETED_DEVICE_FAMILY = "1,2";
			};
			name = Debug;
		};
		692F094828D8AB43004866EC /* Release */ = {
			isa = XCBuildConfiguration;
			baseConfigurationReference = 4544BAEF542F39F97629234D /* Pods-flixapp.release.xcconfig */;
			buildSettings = {
				ASSETCATALOG_COMPILER_APPICON_NAME = AppIcon;
				ASSETCATALOG_COMPILER_GLOBAL_ACCENT_COLOR_NAME = AccentColor;
				CODE_SIGN_STYLE = Automatic;
				CURRENT_PROJECT_VERSION = 1;
				DEVELOPMENT_TEAM = 42NQS2S6SD;
				GENERATE_INFOPLIST_FILE = YES;
				INFOPLIST_FILE = flixapp/Info.plist;
				INFOPLIST_KEY_CFBundleDisplayName = Flix;
				INFOPLIST_KEY_UIApplicationSupportsIndirectInputEvents = YES;
				INFOPLIST_KEY_UILaunchStoryboardName = LaunchScreen;
				INFOPLIST_KEY_UIMainStoryboardFile = Main;
				INFOPLIST_KEY_UISupportedInterfaceOrientations_iPad = "UIInterfaceOrientationPortrait UIInterfaceOrientationPortraitUpsideDown UIInterfaceOrientationLandscapeLeft UIInterfaceOrientationLandscapeRight";
				INFOPLIST_KEY_UISupportedInterfaceOrientations_iPhone = "UIInterfaceOrientationPortrait UIInterfaceOrientationLandscapeLeft UIInterfaceOrientationLandscapeRight";
				IPHONEOS_DEPLOYMENT_TARGET = 15.5;
				LD_RUNPATH_SEARCH_PATHS = (
					"$(inherited)",
					"@executable_path/Frameworks",
				);
				MARKETING_VERSION = 1.0;
				PRODUCT_BUNDLE_IDENTIFIER = com.vasu.flixapp;
				PRODUCT_NAME = "$(TARGET_NAME)";
				SWIFT_EMIT_LOC_STRINGS = YES;
				SWIFT_VERSION = 5.0;
				TARGETED_DEVICE_FAMILY = "1,2";
			};
			name = Release;
		};
		692F094A28D8AB43004866EC /* Debug */ = {
			isa = XCBuildConfiguration;
			baseConfigurationReference = DB96D966FED86C290FE10BDD /* Pods-flixappTests.debug.xcconfig */;
			buildSettings = {
				ALWAYS_EMBED_SWIFT_STANDARD_LIBRARIES = YES;
				BUNDLE_LOADER = "$(TEST_HOST)";
				CODE_SIGN_STYLE = Automatic;
				CURRENT_PROJECT_VERSION = 1;
				DEVELOPMENT_TEAM = 42NQS2S6SD;
				GENERATE_INFOPLIST_FILE = YES;
				IPHONEOS_DEPLOYMENT_TARGET = 16.0;
				MARKETING_VERSION = 1.0;
				PRODUCT_BUNDLE_IDENTIFIER = com.vasu.flixappTests;
				PRODUCT_NAME = "$(TARGET_NAME)";
				SWIFT_EMIT_LOC_STRINGS = NO;
				SWIFT_VERSION = 5.0;
				TARGETED_DEVICE_FAMILY = "1,2";
				TEST_HOST = "$(BUILT_PRODUCTS_DIR)/flixapp.app/$(BUNDLE_EXECUTABLE_FOLDER_PATH)/flixapp";
			};
			name = Debug;
		};
		692F094B28D8AB43004866EC /* Release */ = {
			isa = XCBuildConfiguration;
			baseConfigurationReference = CAA9E6BBF54AF181E4F034B8 /* Pods-flixappTests.release.xcconfig */;
			buildSettings = {
				ALWAYS_EMBED_SWIFT_STANDARD_LIBRARIES = YES;
				BUNDLE_LOADER = "$(TEST_HOST)";
				CODE_SIGN_STYLE = Automatic;
				CURRENT_PROJECT_VERSION = 1;
				DEVELOPMENT_TEAM = 42NQS2S6SD;
				GENERATE_INFOPLIST_FILE = YES;
				IPHONEOS_DEPLOYMENT_TARGET = 16.0;
				MARKETING_VERSION = 1.0;
				PRODUCT_BUNDLE_IDENTIFIER = com.vasu.flixappTests;
				PRODUCT_NAME = "$(TARGET_NAME)";
				SWIFT_EMIT_LOC_STRINGS = NO;
				SWIFT_VERSION = 5.0;
				TARGETED_DEVICE_FAMILY = "1,2";
				TEST_HOST = "$(BUILT_PRODUCTS_DIR)/flixapp.app/$(BUNDLE_EXECUTABLE_FOLDER_PATH)/flixapp";
			};
			name = Release;
		};
		692F094D28D8AB43004866EC /* Debug */ = {
			isa = XCBuildConfiguration;
			baseConfigurationReference = EE1531A1D747BBAEFBC2079D /* Pods-flixapp-flixappUITests.debug.xcconfig */;
			buildSettings = {
				ALWAYS_EMBED_SWIFT_STANDARD_LIBRARIES = YES;
				CODE_SIGN_STYLE = Automatic;
				CURRENT_PROJECT_VERSION = 1;
				DEVELOPMENT_TEAM = 42NQS2S6SD;
				GENERATE_INFOPLIST_FILE = YES;
				MARKETING_VERSION = 1.0;
				PRODUCT_BUNDLE_IDENTIFIER = com.vasu.flixappUITests;
				PRODUCT_NAME = "$(TARGET_NAME)";
				SWIFT_EMIT_LOC_STRINGS = NO;
				SWIFT_VERSION = 5.0;
				TARGETED_DEVICE_FAMILY = "1,2";
				TEST_TARGET_NAME = flixapp;
			};
			name = Debug;
		};
		692F094E28D8AB43004866EC /* Release */ = {
			isa = XCBuildConfiguration;
			baseConfigurationReference = 8B7945714F6BCD8B6A47FD3D /* Pods-flixapp-flixappUITests.release.xcconfig */;
			buildSettings = {
				ALWAYS_EMBED_SWIFT_STANDARD_LIBRARIES = YES;
				CODE_SIGN_STYLE = Automatic;
				CURRENT_PROJECT_VERSION = 1;
				DEVELOPMENT_TEAM = 42NQS2S6SD;
				GENERATE_INFOPLIST_FILE = YES;
				MARKETING_VERSION = 1.0;
				PRODUCT_BUNDLE_IDENTIFIER = com.vasu.flixappUITests;
				PRODUCT_NAME = "$(TARGET_NAME)";
				SWIFT_EMIT_LOC_STRINGS = NO;
				SWIFT_VERSION = 5.0;
				TARGETED_DEVICE_FAMILY = "1,2";
				TEST_TARGET_NAME = flixapp;
			};
			name = Release;
		};
/* End XCBuildConfiguration section */

/* Begin XCConfigurationList section */
		692F091728D8AB40004866EC /* Build configuration list for PBXProject "flixapp" */ = {
			isa = XCConfigurationList;
			buildConfigurations = (
				692F094428D8AB43004866EC /* Debug */,
				692F094528D8AB43004866EC /* Release */,
			);
			defaultConfigurationIsVisible = 0;
			defaultConfigurationName = Release;
		};
		692F094628D8AB43004866EC /* Build configuration list for PBXNativeTarget "flixapp" */ = {
			isa = XCConfigurationList;
			buildConfigurations = (
				692F094728D8AB43004866EC /* Debug */,
				692F094828D8AB43004866EC /* Release */,
			);
			defaultConfigurationIsVisible = 0;
			defaultConfigurationName = Release;
		};
		692F094928D8AB43004866EC /* Build configuration list for PBXNativeTarget "flixappTests" */ = {
			isa = XCConfigurationList;
			buildConfigurations = (
				692F094A28D8AB43004866EC /* Debug */,
				692F094B28D8AB43004866EC /* Release */,
			);
			defaultConfigurationIsVisible = 0;
			defaultConfigurationName = Release;
		};
		692F094C28D8AB43004866EC /* Build configuration list for PBXNativeTarget "flixappUITests" */ = {
			isa = XCConfigurationList;
			buildConfigurations = (
				692F094D28D8AB43004866EC /* Debug */,
				692F094E28D8AB43004866EC /* Release */,
			);
			defaultConfigurationIsVisible = 0;
			defaultConfigurationName = Release;
		};
/* End XCConfigurationList section */

/* Begin XCRemoteSwiftPackageReference section */
		69B8F2B228D905FD00F2C959 /* XCRemoteSwiftPackageReference "AlamofireImage" */ = {
			isa = XCRemoteSwiftPackageReference;
			repositoryURL = "https://github.com/Alamofire/AlamofireImage";
			requirement = {
				kind = upToNextMajorVersion;
				minimumVersion = 4.0.0;
			};
		};
/* End XCRemoteSwiftPackageReference section */

/* Begin XCSwiftPackageProductDependency section */
		69B8F2B328D905FD00F2C959 /* AlamofireImage */ = {
			isa = XCSwiftPackageProductDependency;
			package = 69B8F2B228D905FD00F2C959 /* XCRemoteSwiftPackageReference "AlamofireImage" */;
			productName = AlamofireImage;
		};
/* End XCSwiftPackageProductDependency section */
	};
	rootObject = 692F091428D8AB40004866EC /* Project object */;
}
